Microsoft Visual Studio Solution File, Format Version 12.00
# Visual Studio Version 17
VisualStudioVersion = 17.5.2.0
MinimumVisualStudioVersion = 10.0.40219.1
Project("{FAE04EC0-301F-11D3-BF4B-00C04F79EFBC}") = "IndexedDB.EntityFrameworkCore", "IndexedDB.EntityFrameworkCore.csproj", "{C9A6749D-3E21-5C59-B658-035C389E3105}"
EndProject
Global
	GlobalSection(SolutionConfigurationPlatforms) = preSolution
		Debug|Any CPU = Debug|Any CPU
		Release|Any CPU = Release|Any CPU
	EndGlobalSection
	GlobalSection(ProjectConfigurationPlatforms) = postSolution
		{C9A6749D-3E21-5C59-B658-035C389E3105}.Debug|Any CPU.ActiveCfg = Debug|Any CPU
		{C9A6749D-3E21-5C59-B658-035C389E3105}.Debug|Any CPU.Build.0 = Debug|Any CPU
		{C9A6749D-3E21-5C59-B658-035C389E3105}.Release|Any CPU.ActiveCfg = Release|Any CPU
		{C9A6749D-3E21-5C59-B658-035C389E3105}.Release|Any CPU.Build.0 = Release|Any CPU
	EndGlobalSection
	GlobalSection(SolutionProperties) = preSolution
		HideSolutionNode = FALSE
	EndGlobalSection
	GlobalSection(ExtensibilityGlobals) = postSolution
		SolutionGuid = {14D0077B-BF36-4D50-8F11-B9EB5E570182}
	EndGlobalSection
EndGlobal
